// !$*UTF8*$!
{
	archiveVersion = 1;
	classes = {
	};
	objectVersion = 50;
	objects = {

/* Begin PBXBuildFile section */
		5256BE51253DF8AC0072D94D /* AppDelegate.swift in Sources */ = {isa = PBXBuildFile; fileRef = 5256BE50253DF8AC0072D94D /* AppDelegate.swift */; };
		5256BE53253DF8AC0072D94D /* SceneDelegate.swift in Sources */ = {isa = PBXBuildFile; fileRef = 5256BE52253DF8AC0072D94D /* SceneDelegate.swift */; };
		5256BE55253DF8AC0072D94D /* ViewController.swift in Sources */ = {isa = PBXBuildFile; fileRef = 5256BE54253DF8AC0072D94D /* ViewController.swift */; };
		5256BE58253DF8AC0072D94D /* Main.storyboard in Resources */ = {isa = PBXBuildFile; fileRef = 5256BE56253DF8AC0072D94D /* Main.storyboard */; };
		5256BE5A253DF8AE0072D94D /* Assets.xcassets in Resources */ = {isa = PBXBuildFile; fileRef = 5256BE59253DF8AE0072D94D /* Assets.xcassets */; };
		5256BE5D253DF8AE0072D94D /* LaunchScreen.storyboard in Resources */ = {isa = PBXBuildFile; fileRef = 5256BE5B253DF8AE0072D94D /* LaunchScreen.storyboard */; };
		5256BE68253DF8AE0072D94D /* GIFProjectTests.swift in Sources */ = {isa = PBXBuildFile; fileRef = 5256BE67253DF8AE0072D94D /* GIFProjectTests.swift */; };
		5256BE73253DF8AE0072D94D /* GIFProjectUITests.swift in Sources */ = {isa = PBXBuildFile; fileRef = 5256BE72253DF8AE0072D94D /* GIFProjectUITests.swift */; };
/* End PBXBuildFile section */

/* Begin PBXContainerItemProxy section */
		5256BE64253DF8AE0072D94D /* PBXContainerItemProxy */ = {
			isa = PBXContainerItemProxy;
			containerPortal = 5256BE45253DF8AC0072D94D /* Project object */;
			proxyType = 1;
			remoteGlobalIDString = 5256BE4C253DF8AC0072D94D;
			remoteInfo = GIFProject;
		};
		5256BE6F253DF8AE0072D94D /* PBXContainerItemProxy */ = {
			isa = PBXContainerItemProxy;
			containerPortal = 5256BE45253DF8AC0072D94D /* Project object */;
			proxyType = 1;
			remoteGlobalIDString = 5256BE4C253DF8AC0072D94D;
			remoteInfo = GIFProject;
		};
/* End PBXContainerItemProxy section */

/* Begin PBXFileReference section */
		5256BE4D253DF8AC0072D94D /* GIFProject.app */ = {isa = PBXFileReference; explicitFileType = wrapper.application; includeInIndex = 0; path = GIFProject.app; sourceTree = BUILT_PRODUCTS_DIR; };
		5256BE50253DF8AC0072D94D /* AppDelegate.swift */ = {isa = PBXFileReference; lastKnownFileType = sourcecode.swift; path = AppDelegate.swift; sourceTree = "<group>"; };
		5256BE52253DF8AC0072D94D /* SceneDelegate.swift */ = {isa = PBXFileReference; lastKnownFileType = sourcecode.swift; path = SceneDelegate.swift; sourceTree = "<group>"; };
		5256BE54253DF8AC0072D94D /* ViewController.swift */ = {isa = PBXFileReference; lastKnownFileType = sourcecode.swift; path = ViewController.swift; sourceTree = "<group>"; };
		5256BE57253DF8AC0072D94D /* Base */ = {isa = PBXFileReference; lastKnownFileType = file.storyboard; name = Base; path = Base.lproj/Main.storyboard; sourceTree = "<group>"; };
		5256BE59253DF8AE0072D94D /* Assets.xcassets */ = {isa = PBXFileReference; lastKnownFileType = folder.assetcatalog; path = Assets.xcassets; sourceTree = "<group>"; };
		5256BE5C253DF8AE0072D94D /* Base */ = {isa = PBXFileReference; lastKnownFileType = file.storyboard; name = Base; path = Base.lproj/LaunchScreen.storyboard; sourceTree = "<group>"; };
		5256BE5E253DF8AE0072D94D /* Info.plist */ = {isa = PBXFileReference; lastKnownFileType = text.plist.xml; path = Info.plist; sourceTree = "<group>"; };
		5256BE63253DF8AE0072D94D /* GIFProjectTests.xctest */ = {isa = PBXFileReference; explicitFileType = wrapper.cfbundle; includeInIndex = 0; path = GIFProjectTests.xctest; sourceTree = BUILT_PRODUCTS_DIR; };
		5256BE67253DF8AE0072D94D /* GIFProjectTests.swift */ = {isa = PBXFileReference; lastKnownFileType = sourcecode.swift; path = GIFProjectTests.swift; sourceTree = "<group>"; };
		5256BE69253DF8AE0072D94D /* Info.plist */ = {isa = PBXFileReference; lastKnownFileType = text.plist.xml; path = Info.plist; sourceTree = "<group>"; };
		5256BE6E253DF8AE0072D94D /* GIFProjectUITests.xctest */ = {isa = PBXFileReference; explicitFileType = wrapper.cfbundle; includeInIndex = 0; path = GIFProjectUITests.xctest; sourceTree = BUILT_PRODUCTS_DIR; };
		5256BE72253DF8AE0072D94D /* GIFProjectUITests.swift */ = {isa = PBXFileReference; lastKnownFileType = sourcecode.swift; path = GIFProjectUITests.swift; sourceTree = "<group>"; };
		5256BE74253DF8AE0072D94D /* Info.plist */ = {isa = PBXFileReference; lastKnownFileType = text.plist.xml; path = Info.plist; sourceTree = "<group>"; };
/* End PBXFileReference section */

/* Begin PBXFrameworksBuildPhase section */
		5256BE4A253DF8AC0072D94D /* Frameworks */ = {
			isa = PBXFrameworksBuildPhase;
			buildActionMask = 2147483647;
			files = (
			);
			runOnlyForDeploymentPostprocessing = 0;
		};
		5256BE60253DF8AE0072D94D /* Frameworks */ = {
			isa = PBXFrameworksBuildPhase;
			buildActionMask = 2147483647;
			files = (
			);
			runOnlyForDeploymentPostprocessing = 0;
		};
		5256BE6B253DF8AE0072D94D /* Frameworks */ = {
			isa = PBXFrameworksBuildPhase;
			buildActionMask = 2147483647;
			files = (
			);
			runOnlyForDeploymentPostprocessing = 0;
		};
/* End PBXFrameworksBuildPhase section */

/* Begin PBXGroup section */
		5256BE44253DF8AC0072D94D = {
			isa = PBXGroup;
			children = (
				5256BE4F253DF8AC0072D94D /* GIFProject */,
				5256BE66253DF8AE0072D94D /* GIFProjectTests */,
				5256BE71253DF8AE0072D94D /* GIFProjectUITests */,
				5256BE4E253DF8AC0072D94D /* Products */,
			);
			sourceTree = "<group>";
		};
		5256BE4E253DF8AC0072D94D /* Products */ = {
			isa = PBXGroup;
			children = (
				5256BE4D253DF8AC0072D94D /* GIFProject.app */,
				5256BE63253DF8AE0072D94D /* GIFProjectTests.xctest */,
				5256BE6E253DF8AE0072D94D /* GIFProjectUITests.xctest */,
			);
			name = Products;
			sourceTree = "<group>";
		};
		5256BE4F253DF8AC0072D94D /* GIFProject */ = {
			isa = PBXGroup;
			children = (
				5256BE50253DF8AC0072D94D /* AppDelegate.swift */,
				5256BE52253DF8AC0072D94D /* SceneDelegate.swift */,
				5256BE54253DF8AC0072D94D /* ViewController.swift */,
				5256BE56253DF8AC0072D94D /* Main.storyboard */,
				5256BE59253DF8AE0072D94D /* Assets.xcassets */,
				5256BE5B253DF8AE0072D94D /* LaunchScreen.storyboard */,
				5256BE5E253DF8AE0072D94D /* Info.plist */,
			);
			path = GIFProject;
			sourceTree = "<group>";
		};
		5256BE66253DF8AE0072D94D /* GIFProjectTests */ = {
			isa = PBXGroup;
			children = (
				5256BE67253DF8AE0072D94D /* GIFProjectTests.swift */,
				5256BE69253DF8AE0072D94D /* Info.plist */,
			);
			path = GIFProjectTests;
			sourceTree = "<group>";
		};
		5256BE71253DF8AE0072D94D /* GIFProjectUITests */ = {
			isa = PBXGroup;
			children = (
				5256BE72253DF8AE0072D94D /* GIFProjectUITests.swift */,
				5256BE74253DF8AE0072D94D /* Info.plist */,
			);
			path = GIFProjectUITests;
			sourceTree = "<group>";
		};
/* End PBXGroup section */

/* Begin PBXNativeTarget section */
		5256BE4C253DF8AC0072D94D /* GIFProject */ = {
			isa = PBXNativeTarget;
			buildConfigurationList = 5256BE77253DF8AE0072D94D /* Build configuration list for PBXNativeTarget "GIFProject" */;
			buildPhases = (
				5256BE49253DF8AC0072D94D /* Sources */,
				5256BE4A253DF8AC0072D94D /* Frameworks */,
				5256BE4B253DF8AC0072D94D /* Resources */,
			);
			buildRules = (
			);
			dependencies = (
			);
			name = GIFProject;
			productName = GIFProject;
			productReference = 5256BE4D253DF8AC0072D94D /* GIFProject.app */;
			productType = "com.apple.product-type.application";
		};
		5256BE62253DF8AE0072D94D /* GIFProjectTests */ = {
			isa = PBXNativeTarget;
			buildConfigurationList = 5256BE7A253DF8AE0072D94D /* Build configuration list for PBXNativeTarget "GIFProjectTests" */;
			buildPhases = (
				5256BE5F253DF8AE0072D94D /* Sources */,
				5256BE60253DF8AE0072D94D /* Frameworks */,
				5256BE61253DF8AE0072D94D /* Resources */,
			);
			buildRules = (
			);
			dependencies = (
				5256BE65253DF8AE0072D94D /* PBXTargetDependency */,
			);
			name = GIFProjectTests;
			productName = GIFProjectTests;
			productReference = 5256BE63253DF8AE0072D94D /* GIFProjectTests.xctest */;
			productType = "com.apple.product-type.bundle.unit-test";
		};
		5256BE6D253DF8AE0072D94D /* GIFProjectUITests */ = {
			isa = PBXNativeTarget;
			buildConfigurationList = 5256BE7D253DF8AE0072D94D /* Build configuration list for PBXNativeTarget "GIFProjectUITests" */;
			buildPhases = (
				5256BE6A253DF8AE0072D94D /* Sources */,
				5256BE6B253DF8AE0072D94D /* Frameworks */,
				5256BE6C253DF8AE0072D94D /* Resources */,
			);
			buildRules = (
			);
			dependencies = (
				5256BE70253DF8AE0072D94D /* PBXTargetDependency */,
			);
			name = GIFProjectUITests;
			productName = GIFProjectUITests;
			productReference = 5256BE6E253DF8AE0072D94D /* GIFProjectUITests.xctest */;
			productType = "com.apple.product-type.bundle.ui-testing";
		};
/* End PBXNativeTarget section */

/* Begin PBXProject section */
		5256BE45253DF8AC0072D94D /* Project object */ = {
			isa = PBXProject;
			attributes = {
				LastSwiftUpdateCheck = 1200;
				LastUpgradeCheck = 1200;
				TargetAttributes = {
					5256BE4C253DF8AC0072D94D = {
						CreatedOnToolsVersion = 12.0;
					};
					5256BE62253DF8AE0072D94D = {
						CreatedOnToolsVersion = 12.0;
						TestTargetID = 5256BE4C253DF8AC0072D94D;
					};
					5256BE6D253DF8AE0072D94D = {
						CreatedOnToolsVersion = 12.0;
						TestTargetID = 5256BE4C253DF8AC0072D94D;
					};
				};
			};
			buildConfigurationList = 5256BE48253DF8AC0072D94D /* Build configuration list for PBXProject "GIFProject" */;
			compatibilityVersion = "Xcode 9.3";
			developmentRegion = en;
			hasScannedForEncodings = 0;
			knownRegions = (
				en,
				Base,
			);
			mainGroup = 5256BE44253DF8AC0072D94D;
			productRefGroup = 5256BE4E253DF8AC0072D94D /* Products */;
			projectDirPath = "";
			projectRoot = "";
			targets = (
				5256BE4C253DF8AC0072D94D /* GIFProject */,
				5256BE62253DF8AE0072D94D /* GIFProjectTests */,
				5256BE6D253DF8AE0072D94D /* GIFProjectUITests */,
			);
		};
/* End PBXProject section */

/* Begin PBXResourcesBuildPhase section */
		5256BE4B253DF8AC0072D94D /* Resources */ = {
			isa = PBXResourcesBuildPhase;
			buildActionMask = 2147483647;
			files = (
				5256BE5D253DF8AE0072D94D /* LaunchScreen.storyboard in Resources */,
				5256BE5A253DF8AE0072D94D /* Assets.xcassets in Resources */,
				5256BE58253DF8AC0072D94D /* Main.storyboard in Resources */,
			);
			runOnlyForDeploymentPostprocessing = 0;
		};
		5256BE61253DF8AE0072D94D /* Resources */ = {
			isa = PBXResourcesBuildPhase;
			buildActionMask = 2147483647;
			files = (
			);
			runOnlyForDeploymentPostprocessing = 0;
		};
		5256BE6C253DF8AE0072D94D /* Resources */ = {
			isa = PBXResourcesBuildPhase;
			buildActionMask = 2147483647;
			files = (
			);
			runOnlyForDeploymentPostprocessing = 0;
		};
/* End PBXResourcesBuildPhase section */

/* Begin PBXSourcesBuildPhase section */
		5256BE49253DF8AC0072D94D /* Sources */ = {
			isa = PBXSourcesBuildPhase;
			buildActionMask = 2147483647;
			files = (
				5256BE55253DF8AC0072D94D /* ViewController.swift in Sources */,
				5256BE51253DF8AC0072D94D /* AppDelegate.swift in Sources */,
				5256BE53253DF8AC0072D94D /* SceneDelegate.swift in Sources */,
			);
			runOnlyForDeploymentPostprocessing = 0;
		};
		5256BE5F253DF8AE0072D94D /* Sources */ = {
			isa = PBXSourcesBuildPhase;
			buildActionMask = 2147483647;
			files = (
				5256BE68253DF8AE0072D94D /* GIFProjectTests.swift in Sources */,
			);
			runOnlyForDeploymentPostprocessing = 0;
		};
		5256BE6A253DF8AE0072D94D /* Sources */ = {
			isa = PBXSourcesBuildPhase;
			buildActionMask = 2147483647;
			files = (
				5256BE73253DF8AE0072D94D /* GIFProjectUITests.swift in Sources */,
			);
			runOnlyForDeploymentPostprocessing = 0;
		};
/* End PBXSourcesBuildPhase section */

/* Begin PBXTargetDependency section */
		5256BE65253DF8AE0072D94D /* PBXTargetDependency */ = {
			isa = PBXTargetDependency;
			target = 5256BE4C253DF8AC0072D94D /* GIFProject */;
			targetProxy = 5256BE64253DF8AE0072D94D /* PBXContainerItemProxy */;
		};
		5256BE70253DF8AE0072D94D /* PBXTargetDependency */ = {
			isa = PBXTargetDependency;
			target = 5256BE4C253DF8AC0072D94D /* GIFProject */;
			targetProxy = 5256BE6F253DF8AE0072D94D /* PBXContainerItemProxy */;
		};
/* End PBXTargetDependency section */

/* Begin PBXVariantGroup section */
		5256BE56253DF8AC0072D94D /* Main.storyboard */ = {
			isa = PBXVariantGroup;
			children = (
				5256BE57253DF8AC0072D94D /* Base */,
			);
			name = Main.storyboard;
			sourceTree = "<group>";
		};
		5256BE5B253DF8AE0072D94D /* LaunchScreen.storyboard */ = {
			isa = PBXVariantGroup;
			children = (
				5256BE5C253DF8AE0072D94D /* Base */,
			);
			name = LaunchScreen.storyboard;
			sourceTree = "<group>";
		};
/* End PBXVariantGroup section */

/* Begin XCBuildConfiguration section */
		5256BE75253DF8AE0072D94D /* Debug */ = {
			isa = XCBuildConfiguration;
			buildSettings = {
				ALWAYS_SEARCH_USER_PATHS = NO;
				CLANG_ANALYZER_NONNULL = YES;
				CLANG_ANALYZER_NUMBER_OBJECT_CONVERSION = YES_AGGRESSIVE;
				CLANG_CXX_LANGUAGE_STANDARD = "gnu++14";
				CLANG_CXX_LIBRARY = "libc++";
				CLANG_ENABLE_MODULES = YES;
				CLANG_ENABLE_OBJC_ARC = YES;
				CLANG_ENABLE_OBJC_WEAK = YES;
				CLANG_WARN_BLOCK_CAPTURE_AUTORELEASING = YES;
				CLANG_WARN_BOOL_CONVERSION = YES;
				CLANG_WARN_COMMA = YES;
				CLANG_WARN_CONSTANT_CONVERSION = YES;
				CLANG_WARN_DEPRECATED_OBJC_IMPLEMENTATIONS = YES;
				CLANG_WARN_DIRECT_OBJC_ISA_USAGE = YES_ERROR;
				CLANG_WARN_DOCUMENTATION_COMMENTS = YES;
				CLANG_WARN_EMPTY_BODY = YES;
				CLANG_WARN_ENUM_CONVERSION = YES;
				CLANG_WARN_INFINITE_RECURSION = YES;
				CLANG_WARN_INT_CONVERSION = YES;
				CLANG_WARN_NON_LITERAL_NULL_CONVERSION = YES;
				CLANG_WARN_OBJC_IMPLICIT_RETAIN_SELF = YES;
				CLANG_WARN_OBJC_LITERAL_CONVERSION = YES;
				CLANG_WARN_OBJC_ROOT_CLASS = YES_ERROR;
				CLANG_WARN_QUOTED_INCLUDE_IN_FRAMEWORK_HEADER = YES;
				CLANG_WARN_RANGE_LOOP_ANALYSIS = YES;
				CLANG_WARN_STRICT_PROTOTYPES = YES;
				CLANG_WARN_SUSPICIOUS_MOVE = YES;
				CLANG_WARN_UNGUARDED_AVAILABILITY = YES_AGGRESSIVE;
				CLANG_WARN_UNREACHABLE_CODE = YES;
				CLANG_WARN__DUPLICATE_METHOD_MATCH = YES;
				COPY_PHASE_STRIP = NO;
				DEBUG_INFORMATION_FORMAT = dwarf;
				ENABLE_STRICT_OBJC_MSGSEND = YES;
				ENABLE_TESTABILITY = YES;
				GCC_C_LANGUAGE_STANDARD = gnu11;
				GCC_DYNAMIC_NO_PIC = NO;
				GCC_NO_COMMON_BLOCKS = YES;
				GCC_OPTIMIZATION_LEVEL = 0;
				GCC_PREPROCESSOR_DEFINITIONS = (
					"DEBUG=1",
					"$(inherited)",
				);
				GCC_WARN_64_TO_32_BIT_CONVERSION = YES;
				GCC_WARN_ABOUT_RETURN_TYPE = YES_ERROR;
				GCC_WARN_UNDECLARED_SELECTOR = YES;
				GCC_WARN_UNINITIALIZED_AUTOS = YES_AGGRESSIVE;
				GCC_WARN_UNUSED_FUNCTION = YES;
				GCC_WARN_UNUSED_VARIABLE = YES;
				IPHONEOS_DEPLOYMENT_TARGET = 14.0;
				MTL_ENABLE_DEBUG_INFO = INCLUDE_SOURCE;
				MTL_FAST_MATH = YES;
				ONLY_ACTIVE_ARCH = YES;
				SDKROOT = iphoneos;
				SWIFT_ACTIVE_COMPILATION_CONDITIONS = DEBUG;
				SWIFT_OPTIMIZATION_LEVEL = "-Onone";
			};
			name = Debug;
		};
		5256BE76253DF8AE0072D94D /* Release */ = {
			isa = XCBuildConfiguration;
			buildSettings = {
				ALWAYS_SEARCH_USER_PATHS = NO;
				CLANG_ANALYZER_NONNULL = YES;
				CLANG_ANALYZER_NUMBER_OBJECT_CONVERSION = YES_AGGRESSIVE;
				CLANG_CXX_LANGUAGE_STANDARD = "gnu++14";
				CLANG_CXX_LIBRARY = "libc++";
				CLANG_ENABLE_MODULES = YES;
				CLANG_ENABLE_OBJC_ARC = YES;
				CLANG_ENABLE_OBJC_WEAK = YES;
				CLANG_WARN_BLOCK_CAPTURE_AUTORELEASING = YES;
				CLANG_WARN_BOOL_CONVERSION = YES;
				CLANG_WARN_COMMA = YES;
				CLANG_WARN_CONSTANT_CONVERSION = YES;
				CLANG_WARN_DEPRECATED_OBJC_IMPLEMENTATIONS = YES;
				CLANG_WARN_DIRECT_OBJC_ISA_USAGE = YES_ERROR;
				CLANG_WARN_DOCUMENTATION_COMMENTS = YES;
				CLANG_WARN_EMPTY_BODY = YES;
				CLANG_WARN_ENUM_CONVERSION = YES;
				CLANG_WARN_INFINITE_RECURSION = YES;
				CLANG_WARN_INT_CONVERSION = YES;
				CLANG_WARN_NON_LITERAL_NULL_CONVERSION = YES;
				CLANG_WARN_OBJC_IMPLICIT_RETAIN_SELF = YES;
				CLANG_WARN_OBJC_LITERAL_CONVERSION = YES;
				CLANG_WARN_OBJC_ROOT_CLASS = YES_ERROR;
				CLANG_WARN_QUOTED_INCLUDE_IN_FRAMEWORK_HEADER = YES;
				CLANG_WARN_RANGE_LOOP_ANALYSIS = YES;
				CLANG_WARN_STRICT_PROTOTYPES = YES;
				CLANG_WARN_SUSPICIOUS_MOVE = YES;
				CLANG_WARN_UNGUARDED_AVAILABILITY = YES_AGGRESSIVE;
				CLANG_WARN_UNREACHABLE_CODE = YES;
				CLANG_WARN__DUPLICATE_METHOD_MATCH = YES;
				COPY_PHASE_STRIP = NO;
				DEBUG_INFORMATION_FORMAT = "dwarf-with-dsym";
				ENABLE_NS_ASSERTIONS = NO;
				ENABLE_STRICT_OBJC_MSGSEND = YES;
				GCC_C_LANGUAGE_STANDARD = gnu11;
				GCC_NO_COMMON_BLOCKS = YES;
				GCC_WARN_64_TO_32_BIT_CONVERSION = YES;
				GCC_WARN_ABOUT_RETURN_TYPE = YES_ERROR;
				GCC_WARN_UNDECLARED_SELECTOR = YES;
				GCC_WARN_UNINITIALIZED_AUTOS = YES_AGGRESSIVE;
				GCC_WARN_UNUSED_FUNCTION = YES;
				GCC_WARN_UNUSED_VARIABLE = YES;
				IPHONEOS_DEPLOYMENT_TARGET = 14.0;
				MTL_ENABLE_DEBUG_INFO = NO;
				MTL_FAST_MATH = YES;
				SDKROOT = iphoneos;
				SWIFT_COMPILATION_MODE = wholemodule;
				SWIFT_OPTIMIZATION_LEVEL = "-O";
				VALIDATE_PRODUCT = YES;
			};
			name = Release;
		};
		5256BE78253DF8AE0072D94D /* Debug */ = {
			isa = XCBuildConfiguration;
			buildSettings = {
				ASSETCATALOG_COMPILER_APPICON_NAME = AppIcon;
				ASSETCATALOG_COMPILER_GLOBAL_ACCENT_COLOR_NAME = AccentColor;
				CODE_SIGN_STYLE = Automatic;
				INFOPLIST_FILE = GIFProject/Info.plist;
				LD_RUNPATH_SEARCH_PATHS = (
					"$(inherited)",
					"@executable_path/Frameworks",
				);
				PRODUCT_BUNDLE_IDENTIFIER = kingsleyenoka.GIFProject;
				PRODUCT_NAME = "$(TARGET_NAME)";
				SWIFT_VERSION = 5.0;
				TARGETED_DEVICE_FAMILY = "1,2";
			};
			name = Debug;
		};
		5256BE79253DF8AE0072D94D /* Release */ = {
			isa = XCBuildConfiguration;
			buildSettings = {
				ASSETCATALOG_COMPILER_APPICON_NAME = AppIcon;
				ASSETCATALOG_COMPILER_GLOBAL_ACCENT_COLOR_NAME = AccentColor;
				CODE_SIGN_STYLE = Automatic;
				INFOPLIST_FILE = GIFProject/Info.plist;
				LD_RUNPATH_SEARCH_PATHS = (
					"$(inherited)",
					"@executable_path/Frameworks",
				);
				PRODUCT_BUNDLE_IDENTIFIER = kingsleyenoka.GIFProject;
				PRODUCT_NAME = "$(TARGET_NAME)";
				SWIFT_VERSION = 5.0;
				TARGETED_DEVICE_FAMILY = "1,2";
			};
			name = Release;
		};
		5256BE7B253DF8AE0072D94D /* Debug */ = {
			isa = XCBuildConfiguration;
			buildSettings = {
				ALWAYS_EMBED_SWIFT_STANDARD_LIBRARIES = YES;
				BUNDLE_LOADER = "$(TEST_HOST)";
				CODE_SIGN_STYLE = Automatic;
				INFOPLIST_FILE = GIFProjectTests/Info.plist;
				IPHONEOS_DEPLOYMENT_TARGET = 14.0;
				LD_RUNPATH_SEARCH_PATHS = (
					"$(inherited)",
					"@executable_path/Frameworks",
					"@loader_path/Frameworks",
				);
				PRODUCT_BUNDLE_IDENTIFIER = kingsleyenoka.GIFProjectTests;
				PRODUCT_NAME = "$(TARGET_NAME)";
				SWIFT_VERSION = 5.0;
				TARGETED_DEVICE_FAMILY = "1,2";
				TEST_HOST = "$(BUILT_PRODUCTS_DIR)/GIFProject.app/GIFProject";
			};
			name = Debug;
		};
		5256BE7C253DF8AE0072D94D /* Release */ = {
			isa = XCBuildConfiguration;
			buildSettings = {
				ALWAYS_EMBED_SWIFT_STANDARD_LIBRARIES = YES;
				BUNDLE_LOADER = "$(TEST_HOST)";
				CODE_SIGN_STYLE = Automatic;
				INFOPLIST_FILE = GIFProjectTests/Info.plist;
				IPHONEOS_DEPLOYMENT_TARGET = 14.0;
				LD_RUNPATH_SEARCH_PATHS = (
					"$(inherited)",
					"@executable_path/Frameworks",
					"@loader_path/Frameworks",
				);
				PRODUCT_BUNDLE_IDENTIFIER = kingsleyenoka.GIFProjectTests;
				PRODUCT_NAME = "$(TARGET_NAME)";
				SWIFT_VERSION = 5.0;
				TARGETED_DEVICE_FAMILY = "1,2";
				TEST_HOST = "$(BUILT_PRODUCTS_DIR)/GIFProject.app/GIFProject";
			};
			name = Release;
		};
		5256BE7E253DF8AE0072D94D /* Debug */ = {
			isa = XCBuildConfiguration;
			buildSettings = {
				ALWAYS_EMBED_SWIFT_STANDARD_LIBRARIES = YES;
				CODE_SIGN_STYLE = Automatic;
				INFOPLIST_FILE = GIFProjectUITests/Info.plist;
				LD_RUNPATH_SEARCH_PATHS = (
					"$(inherited)",
					"@executable_path/Frameworks",
					"@loader_path/Frameworks",
				);
				PRODUCT_BUNDLE_IDENTIFIER = kingsleyenoka.GIFProjectUITests;
				PRODUCT_NAME = "$(TARGET_NAME)";
				SWIFT_VERSION = 5.0;
				TARGETED_DEVICE_FAMILY = "1,2";
				TEST_TARGET_NAME = GIFProject;
			};
			name = Debug;
		};
		5256BE7F253DF8AE0072D94D /* Release */ = {
			isa = XCBuildConfiguration;
			buildSettings = {
				ALWAYS_EMBED_SWIFT_STANDARD_LIBRARIES = YES;
				CODE_SIGN_STYLE = Automatic;
				INFOPLIST_FILE = GIFProjectUITests/Info.plist;
				LD_RUNPATH_SEARCH_PATHS = (
					"$(inherited)",
					"@executable_path/Frameworks",
					"@loader_path/Frameworks",
				);
				PRODUCT_BUNDLE_IDENTIFIER = kingsleyenoka.GIFProjectUITests;
				PRODUCT_NAME = "$(TARGET_NAME)";
				SWIFT_VERSION = 5.0;
				TARGETED_DEVICE_FAMILY = "1,2";
				TEST_TARGET_NAME = GIFProject;
			};
			name = Release;
		};
/* End XCBuildConfiguration section */

/* Begin XCConfigurationList section */
		5256BE48253DF8AC0072D94D /* Build configuration list for PBXProject "GIFProject" */ = {
			isa = XCConfigurationList;
			buildConfigurations = (
				5256BE75253DF8AE0072D94D /* Debug */,
				5256BE76253DF8AE0072D94D /* Release */,
			);
			defaultConfigurationIsVisible = 0;
			defaultConfigurationName = Release;
		};
		5256BE77253DF8AE0072D94D /* Build configuration list for PBXNativeTarget "GIFProject" */ = {
			isa = XCConfigurationList;
			buildConfigurations = (
				5256BE78253DF8AE0072D94D /* Debug */,
				5256BE79253DF8AE0072D94D /* Release */,
			);
			defaultConfigurationIsVisible = 0;
			defaultConfigurationName = Release;
		};
		5256BE7A253DF8AE0072D94D /* Build configuration list for PBXNativeTarget "GIFProjectTests" */ = {
			isa = XCConfigurationList;
			buildConfigurations = (
				5256BE7B253DF8AE0072D94D /* Debug */,
				5256BE7C253DF8AE0072D94D /* Release */,
			);
			defaultConfigurationIsVisible = 0;
			defaultConfigurationName = Release;
		};
		5256BE7D253DF8AE0072D94D /* Build configuration list for PBXNativeTarget "GIFProjectUITests" */ = {
			isa = XCConfigurationList;
			buildConfigurations = (
				5256BE7E253DF8AE0072D94D /* Debug */,
				5256BE7F253DF8AE0072D94D /* Release */,
			);
			defaultConfigurationIsVisible = 0;
			defaultConfigurationName = Release;
		};
/* End XCConfigurationList section */
	};
	rootObject = 5256BE45253DF8AC0072D94D /* Project object */;
}
